
Microsoft Visual Studio Solution File, Format Version 12.00
# Visual Studio Version 17
VisualStudioVersion = 17.5.33424.131
MinimumVisualStudioVersion = 10.0.40219.1
Project("{9A19103F-16F7-4668-BE54-9A1E7A4F7556}") = "Homework2_2", "Homework2_2.csproj", "{A5BE6A50-0686-476E-9186-FF843D5E75B6}"
EndProject
Project("{2150E333-8FDC-42A3-9474-1A3956D46DE8}") = "Solution Items", "Solution Items", "{CAD507BD-A0DC-4E64-8D8E-0534AA2D204D}"
	ProjectSection(SolutionItems) = preProject
		PetModel.cs = PetModel.cs
	EndProjectSection
EndProject
Global
	GlobalSection(SolutionConfigurationPlatforms) = preSolution
		Debug|Any CPU = Debug|Any CPU
		Release|Any CPU = Release|Any CPU
	EndGlobalSection
	GlobalSection(ProjectConfigurationPlatforms) = postSolution
		{A5BE6A50-0686-476E-9186-FF843D5E75B6}.Debug|Any CPU.ActiveCfg = Debug|Any CPU
		{A5BE6A50-0686-476E-9186-FF843D5E75B6}.Debug|Any CPU.Build.0 = Debug|Any CPU
		{A5BE6A50-0686-476E-9186-FF843D5E75B6}.Release|Any CPU.ActiveCfg = Release|Any CPU
		{A5BE6A50-0686-476E-9186-FF843D5E75B6}.Release|Any CPU.Build.0 = Release|Any CPU
	EndGlobalSection
	GlobalSection(SolutionProperties) = preSolution
		HideSolutionNode = FALSE
	EndGlobalSection
	GlobalSection(ExtensibilityGlobals) = postSolution
		SolutionGuid = {6BCCC3E1-3808-437F-B9F5-E3B69908C499}
	EndGlobalSection
EndGlobal
